// !$*UTF8*$!
{
	archiveVersion = 1;
	classes = {
	};
	objectVersion = 48;
	objects = {

/* Begin PBXBuildFile section */
		7C2B5F5022C2858D00635686 /* Club.cpp in Sources */ = {isa = PBXBuildFile; fileRef = 7C2B5F4F22C2858D00635686 /* Club.cpp */; };
		7C37150422D6983600730913 /* Student.cpp in Sources */ = {isa = PBXBuildFile; fileRef = 7C37150222D6983600730913 /* Student.cpp */; };
		7C39BE962295A385004D7974 /* main.cpp in Sources */ = {isa = PBXBuildFile; fileRef = 7C39BE952295A385004D7974 /* main.cpp */; };
		7C9D162822C1591F0027250C /* DataReader.cpp in Sources */ = {isa = PBXBuildFile; fileRef = 7C9D162722C1591F0027250C /* DataReader.cpp */; };
/* End PBXBuildFile section */

/* Begin PBXCopyFilesBuildPhase section */
		7C39BE902295A385004D7974 /* CopyFiles */ = {
			isa = PBXCopyFilesBuildPhase;
			buildActionMask = 2147483647;
			dstPath = /usr/share/man/man1/;
			dstSubfolderSpec = 0;
			files = (
			);
			runOnlyForDeploymentPostprocessing = 1;
		};
/* End PBXCopyFilesBuildPhase section */

/* Begin PBXFileReference section */
		7C2B5F4F22C2858D00635686 /* Club.cpp */ = {isa = PBXFileReference; lastKnownFileType = sourcecode.cpp.cpp; path = Club.cpp; sourceTree = "<group>"; };
		7C37150222D6983600730913 /* Student.cpp */ = {isa = PBXFileReference; lastKnownFileType = sourcecode.cpp.cpp; path = Student.cpp; sourceTree = "<group>"; };
		7C39BE922295A385004D7974 /* club_sorting_program */ = {isa = PBXFileReference; explicitFileType = "compiled.mach-o.executable"; includeInIndex = 0; path = club_sorting_program; sourceTree = BUILT_PRODUCTS_DIR; };
		7C39BE952295A385004D7974 /* main.cpp */ = {isa = PBXFileReference; lastKnownFileType = sourcecode.cpp.cpp; path = main.cpp; sourceTree = "<group>"; };
		7C52B5BA22D5248700A23BD1 /* DataReader.h */ = {isa = PBXFileReference; lastKnownFileType = sourcecode.c.h; path = DataReader.h; sourceTree = "<group>"; };
		7C52B5BB22D524DA00A23BD1 /* Club.h */ = {isa = PBXFileReference; lastKnownFileType = sourcecode.c.h; path = Club.h; sourceTree = "<group>"; };
		7C9D162722C1591F0027250C /* DataReader.cpp */ = {isa = PBXFileReference; lastKnownFileType = sourcecode.cpp.cpp; path = DataReader.cpp; sourceTree = "<group>"; };
		7CFB8DE022F77DCE0029A01B /* Student.h */ = {isa = PBXFileReference; fileEncoding = 4; lastKnownFileType = sourcecode.c.h; path = Student.h; sourceTree = "<group>"; };
/* End PBXFileReference section */

/* Begin PBXFrameworksBuildPhase section */
		7C39BE8F2295A385004D7974 /* Frameworks */ = {
			isa = PBXFrameworksBuildPhase;
			buildActionMask = 2147483647;
			files = (
			);
			runOnlyForDeploymentPostprocessing = 0;
		};
/* End PBXFrameworksBuildPhase section */

/* Begin PBXGroup section */
		7C39BE892295A385004D7974 = {
			isa = PBXGroup;
			children = (
				7C39BE942295A385004D7974 /* club_sorting_program */,
				7C39BE932295A385004D7974 /* Products */,
			);
			sourceTree = "<group>";
		};
		7C39BE932295A385004D7974 /* Products */ = {
			isa = PBXGroup;
			children = (
				7C39BE922295A385004D7974 /* club_sorting_program */,
			);
			name = Products;
			sourceTree = "<group>";
		};
		7C39BE942295A385004D7974 /* club_sorting_program */ = {
			isa = PBXGroup;
			children = (
				7CFB8DE022F77DCE0029A01B /* Student.h */,
				7C39BE952295A385004D7974 /* main.cpp */,
				7C9D162722C1591F0027250C /* DataReader.cpp */,
				7C2B5F4F22C2858D00635686 /* Club.cpp */,
				7C52B5BA22D5248700A23BD1 /* DataReader.h */,
				7C52B5BB22D524DA00A23BD1 /* Club.h */,
				7C37150222D6983600730913 /* Student.cpp */,
			);
			path = club_sorting_program;
			sourceTree = "<group>";
		};
/* End PBXGroup section */

/* Begin PBXNativeTarget section */
		7C39BE912295A385004D7974 /* club_sorting_program */ = {
			isa = PBXNativeTarget;
			buildConfigurationList = 7C39BE992295A385004D7974 /* Build configuration list for PBXNativeTarget "club_sorting_program" */;
			buildPhases = (
				7C39BE8E2295A385004D7974 /* Sources */,
				7C39BE8F2295A385004D7974 /* Frameworks */,
				7C39BE902295A385004D7974 /* CopyFiles */,
			);
			buildRules = (
			);
			dependencies = (
			);
			name = club_sorting_program;
			productName = club_sorting_program;
			productReference = 7C39BE922295A385004D7974 /* club_sorting_program */;
			productType = "com.apple.product-type.tool";
		};
/* End PBXNativeTarget section */

/* Begin PBXProject section */
		7C39BE8A2295A385004D7974 /* Project object */ = {
			isa = PBXProject;
			attributes = {
				LastUpgradeCheck = 1020;
				ORGANIZATIONNAME = MajikalExplosions;
				TargetAttributes = {
					7C39BE912295A385004D7974 = {
						CreatedOnToolsVersion = 9.2;
						ProvisioningStyle = Automatic;
					};
				};
			};
			buildConfigurationList = 7C39BE8D2295A385004D7974 /* Build configuration list for PBXProject "club_sorting_program" */;
			compatibilityVersion = "Xcode 8.0";
			developmentRegion = en;
			hasScannedForEncodings = 0;
			knownRegions = (
				en,
			);
			mainGroup = 7C39BE892295A385004D7974;
			productRefGroup = 7C39BE932295A385004D7974 /* Products */;
			projectDirPath = "";
			projectRoot = "";
			targets = (
				7C39BE912295A385004D7974 /* club_sorting_program */,
			);
		};
/* End PBXProject section */

/* Begin PBXSourcesBuildPhase section */
		7C39BE8E2295A385004D7974 /* Sources */ = {
			isa = PBXSourcesBuildPhase;
			buildActionMask = 2147483647;
			files = (
				7C2B5F5022C2858D00635686 /* Club.cpp in Sources */,
				7C9D162822C1591F0027250C /* DataReader.cpp in Sources */,
				7C39BE962295A385004D7974 /* main.cpp in Sources */,
				7C37150422D6983600730913 /* Student.cpp in Sources */,
			);
			runOnlyForDeploymentPostprocessing = 0;
		};
/* End PBXSourcesBuildPhase section */

/* Begin XCBuildConfiguration section */
		7C39BE972295A385004D7974 /* Debug */ = {
			isa = XCBuildConfiguration;
			buildSettings = {
				ALWAYS_SEARCH_USER_PATHS = NO;
				CLANG_ANALYZER_NONNULL = YES;
				CLANG_ANALYZER_NUMBER_OBJECT_CONVERSION = YES_AGGRESSIVE;
				CLANG_CXX_LANGUAGE_STANDARD = "gnu++14";
				CLANG_CXX_LIBRARY = "libc++";
				CLANG_ENABLE_MODULES = YES;
				CLANG_ENABLE_OBJC_ARC = YES;
				CLANG_WARN_BLOCK_CAPTURE_AUTORELEASING = YES;
				CLANG_WARN_BOOL_CONVERSION = YES;
				CLANG_WARN_COMMA = YES;
				CLANG_WARN_CONSTANT_CONVERSION = YES;
				CLANG_WARN_DEPRECATED_OBJC_IMPLEMENTATIONS = YES;
				CLANG_WARN_DIRECT_OBJC_ISA_USAGE = YES_ERROR;
				CLANG_WARN_DOCUMENTATION_COMMENTS = YES;
				CLANG_WARN_EMPTY_BODY = YES;
				CLANG_WARN_ENUM_CONVERSION = YES;
				CLANG_WARN_INFINITE_RECURSION = YES;
				CLANG_WARN_INT_CONVERSION = YES;
				CLANG_WARN_NON_LITERAL_NULL_CONVERSION = YES;
				CLANG_WARN_OBJC_IMPLICIT_RETAIN_SELF = YES;
				CLANG_WARN_OBJC_LITERAL_CONVERSION = YES;
				CLANG_WARN_OBJC_ROOT_CLASS = YES_ERROR;
				CLANG_WARN_RANGE_LOOP_ANALYSIS = YES;
				CLANG_WARN_STRICT_PROTOTYPES = YES;
				CLANG_WARN_SUSPICIOUS_MOVE = YES;
				CLANG_WARN_UNGUARDED_AVAILABILITY = YES_AGGRESSIVE;
				CLANG_WARN_UNREACHABLE_CODE = YES;
				CLANG_WARN__DUPLICATE_METHOD_MATCH = YES;
				CODE_SIGN_IDENTITY = "-";
				COPY_PHASE_STRIP = NO;
				DEBUG_INFORMATION_FORMAT = dwarf;
				ENABLE_STRICT_OBJC_MSGSEND = YES;
				ENABLE_TESTABILITY = YES;
				GCC_C_LANGUAGE_STANDARD = gnu11;
				GCC_DYNAMIC_NO_PIC = NO;
				GCC_NO_COMMON_BLOCKS = YES;
				GCC_OPTIMIZATION_LEVEL = 0;
				GCC_PREPROCESSOR_DEFINITIONS = (
					"DEBUG=1",
					"$(inherited)",
				);
				GCC_WARN_64_TO_32_BIT_CONVERSION = YES;
				GCC_WARN_ABOUT_RETURN_TYPE = YES_ERROR;
				GCC_WARN_UNDECLARED_SELECTOR = YES;
				GCC_WARN_UNINITIALIZED_AUTOS = YES_AGGRESSIVE;
				GCC_WARN_UNUSED_FUNCTION = YES;
				GCC_WARN_UNUSED_VARIABLE = YES;
				MACOSX_DEPLOYMENT_TARGET = 10.14;
				MTL_ENABLE_DEBUG_INFO = YES;
				ONLY_ACTIVE_ARCH = YES;
				OTHER_LDFLAGS = "";
				SDKROOT = macosx;
				SYSTEM_HEADER_SEARCH_PATHS = /usr/local/include/;
			};
			name = Debug;
		};
		7C39BE982295A385004D7974 /* Release */ = {
			isa = XCBuildConfiguration;
			buildSettings = {
				ALWAYS_SEARCH_USER_PATHS = NO;
				CLANG_ANALYZER_NONNULL = YES;
				CLANG_ANALYZER_NUMBER_OBJECT_CONVERSION = YES_AGGRESSIVE;
				CLANG_CXX_LANGUAGE_STANDARD = "gnu++14";
				CLANG_CXX_LIBRARY = "libc++";
				CLANG_ENABLE_MODULES = YES;
				CLANG_ENABLE_OBJC_ARC = YES;
				CLANG_WARN_BLOCK_CAPTURE_AUTORELEASING = YES;
				CLANG_WARN_BOOL_CONVERSION = YES;
				CLANG_WARN_COMMA = YES;
				CLANG_WARN_CONSTANT_CONVERSION = YES;
				CLANG_WARN_DEPRECATED_OBJC_IMPLEMENTATIONS = YES;
				CLANG_WARN_DIRECT_OBJC_ISA_USAGE = YES_ERROR;
				CLANG_WARN_DOCUMENTATION_COMMENTS = YES;
				CLANG_WARN_EMPTY_BODY = YES;
				CLANG_WARN_ENUM_CONVERSION = YES;
				CLANG_WARN_INFINITE_RECURSION = YES;
				CLANG_WARN_INT_CONVERSION = YES;
				CLANG_WARN_NON_LITERAL_NULL_CONVERSION = YES;
				CLANG_WARN_OBJC_IMPLICIT_RETAIN_SELF = YES;
				CLANG_WARN_OBJC_LITERAL_CONVERSION = YES;
				CLANG_WARN_OBJC_ROOT_CLASS = YES_ERROR;
				CLANG_WARN_RANGE_LOOP_ANALYSIS = YES;
				CLANG_WARN_STRICT_PROTOTYPES = YES;
				CLANG_WARN_SUSPICIOUS_MOVE = YES;
				CLANG_WARN_UNGUARDED_AVAILABILITY = YES_AGGRESSIVE;
				CLANG_WARN_UNREACHABLE_CODE = YES;
				CLANG_WARN__DUPLICATE_METHOD_MATCH = YES;
				CODE_SIGN_IDENTITY = "-";
				COPY_PHASE_STRIP = NO;
				DEBUG_INFORMATION_FORMAT = "dwarf-with-dsym";
				ENABLE_NS_ASSERTIONS = NO;
				ENABLE_STRICT_OBJC_MSGSEND = YES;
				GCC_C_LANGUAGE_STANDARD = gnu11;
				GCC_NO_COMMON_BLOCKS = YES;
				GCC_WARN_64_TO_32_BIT_CONVERSION = YES;
				GCC_WARN_ABOUT_RETURN_TYPE = YES_ERROR;
				GCC_WARN_UNDECLARED_SELECTOR = YES;
				GCC_WARN_UNINITIALIZED_AUTOS = YES_AGGRESSIVE;
				GCC_WARN_UNUSED_FUNCTION = YES;
				GCC_WARN_UNUSED_VARIABLE = YES;
				MACOSX_DEPLOYMENT_TARGET = 10.14;
				MTL_ENABLE_DEBUG_INFO = NO;
				OTHER_LDFLAGS = "";
				SDKROOT = macosx;
				SYSTEM_HEADER_SEARCH_PATHS = /usr/local/include/;
			};
			name = Release;
		};
		7C39BE9A2295A385004D7974 /* Debug */ = {
			isa = XCBuildConfiguration;
			buildSettings = {
				CLANG_CXX_LANGUAGE_STANDARD = "gnu++17";
				CLANG_CXX_LIBRARY = "libc++";
				CODE_SIGN_STYLE = Automatic;
				PRODUCT_NAME = "$(TARGET_NAME)";
			};
			name = Debug;
		};
		7C39BE9B2295A385004D7974 /* Release */ = {
			isa = XCBuildConfiguration;
			buildSettings = {
				CLANG_CXX_LANGUAGE_STANDARD = "gnu++17";
				CLANG_CXX_LIBRARY = "libc++";
				CODE_SIGN_STYLE = Automatic;
				PRODUCT_NAME = "$(TARGET_NAME)";
			};
			name = Release;
		};
/* End XCBuildConfiguration section */

/* Begin XCConfigurationList section */
		7C39BE8D2295A385004D7974 /* Build configuration list for PBXProject "club_sorting_program" */ = {
			isa = XCConfigurationList;
			buildConfigurations = (
				7C39BE972295A385004D7974 /* Debug */,
				7C39BE982295A385004D7974 /* Release */,
			);
			defaultConfigurationIsVisible = 0;
			defaultConfigurationName = Release;
		};
		7C39BE992295A385004D7974 /* Build configuration list for PBXNativeTarget "club_sorting_program" */ = {
			isa = XCConfigurationList;
			buildConfigurations = (
				7C39BE9A2295A385004D7974 /* Debug */,
				7C39BE9B2295A385004D7974 /* Release */,
			);
			defaultConfigurationIsVisible = 0;
			defaultConfigurationName = Release;
		};
/* End XCConfigurationList section */
	};
	rootObject = 7C39BE8A2295A385004D7974 /* Project object */;
}
